
Microsoft Visual Studio Solution File, Format Version 12.00
# Visual Studio 15
VisualStudioVersion = 15.0.26124.0
MinimumVisualStudioVersion = 15.0.26124.0
Project("{9A19103F-16F7-4668-BE54-9A1E7A4F7556}") = "R5T.Visigothia.Local.Default.Construction", "R5T.Visigothia.Local.Default.Construction\R5T.Visigothia.Local.Default.Construction.csproj", "{DB72A379-7EDC-4C5F-918A-3EBFBF10EC34}"
EndProject
Project("{9A19103F-16F7-4668-BE54-9A1E7A4F7556}") = "R5T.Visigothia.Local.Default", "R5T.Visigothia.Local.Default\R5T.Visigothia.Local.Default.csproj", "{94A10AD6-3702-491A-844C-36F39BDBE778}"
EndProject
Project("{9A19103F-16F7-4668-BE54-9A1E7A4F7556}") = "R5T.Visigothia.Local.Default.Testing", "R5T.Visigothia.Local.Default.Testing\R5T.Visigothia.Local.Default.Testing.csproj", "{6C641A3C-930E-4414-9B65-719E8F1D5152}"
EndProject
Project("{2150E333-8FDC-42A3-9474-1A3956D46DE8}") = "_Dependencies", "_Dependencies", "{692FE15F-4CDE-45E9-BDD8-8FC6AB8877CC}"
EndProject
Project("{9A19103F-16F7-4668-BE54-9A1E7A4F7556}") = "R5T.Visigothia.Base", "..\..\R5T.Visigothia.Base\source\R5T.Visigothia.Base\R5T.Visigothia.Base.csproj", "{37EF8528-ADBE-413D-B2E0-384C61AAB517}"
EndProject
Project("{9A19103F-16F7-4668-BE54-9A1E7A4F7556}") = "R5T.Dacia.Extensions", "..\..\R5T.Dacia.Extensions\source\R5T.Dacia.Extensions\R5T.Dacia.Extensions.csproj", "{5515E783-CF66-4765-B9D7-29EAF6D11D3A}"
EndProject
Project("{9A19103F-16F7-4668-BE54-9A1E7A4F7556}") = "R5T.Dacia", "..\..\R5T.Dacia\source\R5T.Dacia\R5T.Dacia.csproj", "{8D2EF88F-7275-42A8-A7EF-6CB5C7F82593}"
EndProject
Project("{FAE04EC0-301F-11D3-BF4B-00C04F79EFBC}") = "R5T.T0064", "..\..\R5T.T0064\source\R5T.T0064\R5T.T0064.csproj", "{88CE39DF-F1F0-4360-B066-E6D6B7B66CF9}"
EndProject
Global
	GlobalSection(SolutionConfigurationPlatforms) = preSolution
		Debug|Any CPU = Debug|Any CPU
		Debug|x64 = Debug|x64
		Debug|x86 = Debug|x86
		Release|Any CPU = Release|Any CPU
		Release|x64 = Release|x64
		Release|x86 = Release|x86
	EndGlobalSection
	GlobalSection(ProjectConfigurationPlatforms) = postSolution
		{DB72A379-7EDC-4C5F-918A-3EBFBF10EC34}.Debug|Any CPU.ActiveCfg = Debug|Any CPU
		{DB72A379-7EDC-4C5F-918A-3EBFBF10EC34}.Debug|Any CPU.Build.0 = Debug|Any CPU
		{DB72A379-7EDC-4C5F-918A-3EBFBF10EC34}.Debug|x64.ActiveCfg = Debug|Any CPU
		{DB72A379-7EDC-4C5F-918A-3EBFBF10EC34}.Debug|x64.Build.0 = Debug|Any CPU
		{DB72A379-7EDC-4C5F-918A-3EBFBF10EC34}.Debug|x86.ActiveCfg = Debug|Any CPU
		{DB72A379-7EDC-4C5F-918A-3EBFBF10EC34}.Debug|x86.Build.0 = Debug|Any CPU
		{DB72A379-7EDC-4C5F-918A-3EBFBF10EC34}.Release|Any CPU.ActiveCfg = Release|Any CPU
		{DB72A379-7EDC-4C5F-918A-3EBFBF10EC34}.Release|Any CPU.Build.0 = Release|Any CPU
		{DB72A379-7EDC-4C5F-918A-3EBFBF10EC34}.Release|x64.ActiveCfg = Release|Any CPU
		{DB72A379-7EDC-4C5F-918A-3EBFBF10EC34}.Release|x64.Build.0 = Release|Any CPU
		{DB72A379-7EDC-4C5F-918A-3EBFBF10EC34}.Release|x86.ActiveCfg = Release|Any CPU
		{DB72A379-7EDC-4C5F-918A-3EBFBF10EC34}.Release|x86.Build.0 = Release|Any CPU
		{94A10AD6-3702-491A-844C-36F39BDBE778}.Debug|Any CPU.ActiveCfg = Debug|Any CPU
		{94A10AD6-3702-491A-844C-36F39BDBE778}.Debug|Any CPU.Build.0 = Debug|Any CPU
		{94A10AD6-3702-491A-844C-36F39BDBE778}.Debug|x64.ActiveCfg = Debug|Any CPU
		{94A10AD6-3702-491A-844C-36F39BDBE778}.Debug|x64.Build.0 = Debug|Any CPU
		{94A10AD6-3702-491A-844C-36F39BDBE778}.Debug|x86.ActiveCfg = Debug|Any CPU
		{94A10AD6-3702-491A-844C-36F39BDBE778}.Debug|x86.Build.0 = Debug|Any CPU
		{94A10AD6-3702-491A-844C-36F39BDBE778}.Release|Any CPU.ActiveCfg = Release|Any CPU
		{94A10AD6-3702-491A-844C-36F39BDBE778}.Release|Any CPU.Build.0 = Release|Any CPU
		{94A10AD6-3702-491A-844C-36F39BDBE778}.Release|x64.ActiveCfg = Release|Any CPU
		{94A10AD6-3702-491A-844C-36F39BDBE778}.Release|x64.Build.0 = Release|Any CPU
		{94A10AD6-3702-491A-844C-36F39BDBE778}.Release|x86.ActiveCfg = Release|Any CPU
		{94A10AD6-3702-491A-844C-36F39BDBE778}.Release|x86.Build.0 = Release|Any CPU
		{6C641A3C-930E-4414-9B65-719E8F1D5152}.Debug|Any CPU.ActiveCfg = Debug|Any CPU
		{6C641A3C-930E-4414-9B65-719E8F1D5152}.Debug|Any CPU.Build.0 = Debug|Any CPU
		{6C641A3C-930E-4414-9B65-719E8F1D5152}.Debug|x64.ActiveCfg = Debug|Any CPU
		{6C641A3C-930E-4414-9B65-719E8F1D5152}.Debug|x64.Build.0 = Debug|Any CPU
		{6C641A3C-930E-4414-9B65-719E8F1D5152}.Debug|x86.ActiveCfg = Debug|Any CPU
		{6C641A3C-930E-4414-9B65-719E8F1D5152}.Debug|x86.Build.0 = Debug|Any CPU
		{6C641A3C-930E-4414-9B65-719E8F1D5152}.Release|Any CPU.ActiveCfg = Release|Any CPU
		{6C641A3C-930E-4414-9B65-719E8F1D5152}.Release|Any CPU.Build.0 = Release|Any CPU
		{6C641A3C-930E-4414-9B65-719E8F1D5152}.Release|x64.ActiveCfg = Release|Any CPU
		{6C641A3C-930E-4414-9B65-719E8F1D5152}.Release|x64.Build.0 = Release|Any CPU
		{6C641A3C-930E-4414-9B65-719E8F1D5152}.Release|x86.ActiveCfg = Release|Any CPU
		{6C641A3C-930E-4414-9B65-719E8F1D5152}.Release|x86.Build.0 = Release|Any CPU
		{37EF8528-ADBE-413D-B2E0-384C61AAB517}.Debug|Any CPU.ActiveCfg = Debug|Any CPU
		{37EF8528-ADBE-413D-B2E0-384C61AAB517}.Debug|Any CPU.Build.0 = Debug|Any CPU
		{37EF8528-ADBE-413D-B2E0-384C61AAB517}.Debug|x64.ActiveCfg = Debug|Any CPU
		{37EF8528-ADBE-413D-B2E0-384C61AAB517}.Debug|x64.Build.0 = Debug|Any CPU
		{37EF8528-ADBE-413D-B2E0-384C61AAB517}.Debug|x86.ActiveCfg = Debug|Any CPU
		{37EF8528-ADBE-413D-B2E0-384C61AAB517}.Debug|x86.Build.0 = Debug|Any CPU
		{37EF8528-ADBE-413D-B2E0-384C61AAB517}.Release|Any CPU.ActiveCfg = Release|Any CPU
		{37EF8528-ADBE-413D-B2E0-384C61AAB517}.Release|Any CPU.Build.0 = Release|Any CPU
		{37EF8528-ADBE-413D-B2E0-384C61AAB517}.Release|x64.ActiveCfg = Release|Any CPU
		{37EF8528-ADBE-413D-B2E0-384C61AAB517}.Release|x64.Build.0 = Release|Any CPU
		{37EF8528-ADBE-413D-B2E0-384C61AAB517}.Release|x86.ActiveCfg = Release|Any CPU
		{37EF8528-ADBE-413D-B2E0-384C61AAB517}.Release|x86.Build.0 = Release|Any CPU
		{5515E783-CF66-4765-B9D7-29EAF6D11D3A}.Debug|Any CPU.ActiveCfg = Debug|Any CPU
		{5515E783-CF66-4765-B9D7-29EAF6D11D3A}.Debug|Any CPU.Build.0 = Debug|Any CPU
		{5515E783-CF66-4765-B9D7-29EAF6D11D3A}.Debug|x64.ActiveCfg = Debug|Any CPU
		{5515E783-CF66-4765-B9D7-29EAF6D11D3A}.Debug|x64.Build.0 = Debug|Any CPU
		{5515E783-CF66-4765-B9D7-29EAF6D11D3A}.Debug|x86.ActiveCfg = Debug|Any CPU
		{5515E783-CF66-4765-B9D7-29EAF6D11D3A}.Debug|x86.Build.0 = Debug|Any CPU
		{5515E783-CF66-4765-B9D7-29EAF6D11D3A}.Release|Any CPU.ActiveCfg = Release|Any CPU
		{5515E783-CF66-4765-B9D7-29EAF6D11D3A}.Release|Any CPU.Build.0 = Release|Any CPU
		{5515E783-CF66-4765-B9D7-29EAF6D11D3A}.Release|x64.ActiveCfg = Release|Any CPU
		{5515E783-CF66-4765-B9D7-29EAF6D11D3A}.Release|x64.Build.0 = Release|Any CPU
		{5515E783-CF66-4765-B9D7-29EAF6D11D3A}.Release|x86.ActiveCfg = Release|Any CPU
		{5515E783-CF66-4765-B9D7-29EAF6D11D3A}.Release|x86.Build.0 = Release|Any CPU
		{8D2EF88F-7275-42A8-A7EF-6CB5C7F82593}.Debug|Any CPU.ActiveCfg = Debug|Any CPU
		{8D2EF88F-7275-42A8-A7EF-6CB5C7F82593}.Debug|Any CPU.Build.0 = Debug|Any CPU
		{8D2EF88F-7275-42A8-A7EF-6CB5C7F82593}.Debug|x64.ActiveCfg = Debug|Any CPU
		{8D2EF88F-7275-42A8-A7EF-6CB5C7F82593}.Debug|x64.Build.0 = Debug|Any CPU
		{8D2EF88F-7275-42A8-A7EF-6CB5C7F82593}.Debug|x86.ActiveCfg = Debug|Any CPU
		{8D2EF88F-7275-42A8-A7EF-6CB5C7F82593}.Debug|x86.Build.0 = Debug|Any CPU
		{8D2EF88F-7275-42A8-A7EF-6CB5C7F82593}.Release|Any CPU.ActiveCfg = Release|Any CPU
		{8D2EF88F-7275-42A8-A7EF-6CB5C7F82593}.Release|Any CPU.Build.0 = Release|Any CPU
		{8D2EF88F-7275-42A8-A7EF-6CB5C7F82593}.Release|x64.ActiveCfg = Release|Any CPU
		{8D2EF88F-7275-42A8-A7EF-6CB5C7F82593}.Release|x64.Build.0 = Release|Any CPU
		{8D2EF88F-7275-42A8-A7EF-6CB5C7F82593}.Release|x86.ActiveCfg = Release|Any CPU
		{8D2EF88F-7275-42A8-A7EF-6CB5C7F82593}.Release|x86.Build.0 = Release|Any CPU
		{88CE39DF-F1F0-4360-B066-E6D6B7B66CF9}.Debug|Any CPU.ActiveCfg = Debug|Any CPU
		{88CE39DF-F1F0-4360-B066-E6D6B7B66CF9}.Debug|Any CPU.Build.0 = Debug|Any CPU
		{88CE39DF-F1F0-4360-B066-E6D6B7B66CF9}.Debug|x64.ActiveCfg = Debug|Any CPU
		{88CE39DF-F1F0-4360-B066-E6D6B7B66CF9}.Debug|x64.Build.0 = Debug|Any CPU
		{88CE39DF-F1F0-4360-B066-E6D6B7B66CF9}.Debug|x86.ActiveCfg = Debug|Any CPU
		{88CE39DF-F1F0-4360-B066-E6D6B7B66CF9}.Debug|x86.Build.0 = Debug|Any CPU
		{88CE39DF-F1F0-4360-B066-E6D6B7B66CF9}.Release|Any CPU.ActiveCfg = Release|Any CPU
		{88CE39DF-F1F0-4360-B066-E6D6B7B66CF9}.Release|Any CPU.Build.0 = Release|Any CPU
		{88CE39DF-F1F0-4360-B066-E6D6B7B66CF9}.Release|x64.ActiveCfg = Release|Any CPU
		{88CE39DF-F1F0-4360-B066-E6D6B7B66CF9}.Release|x64.Build.0 = Release|Any CPU
		{88CE39DF-F1F0-4360-B066-E6D6B7B66CF9}.Release|x86.ActiveCfg = Release|Any CPU
		{88CE39DF-F1F0-4360-B066-E6D6B7B66CF9}.Release|x86.Build.0 = Release|Any CPU
	EndGlobalSection
	GlobalSection(SolutionProperties) = preSolution
		HideSolutionNode = FALSE
	EndGlobalSection
	GlobalSection(NestedProjects) = preSolution
		{37EF8528-ADBE-413D-B2E0-384C61AAB517} = {692FE15F-4CDE-45E9-BDD8-8FC6AB8877CC}
		{5515E783-CF66-4765-B9D7-29EAF6D11D3A} = {692FE15F-4CDE-45E9-BDD8-8FC6AB8877CC}
		{8D2EF88F-7275-42A8-A7EF-6CB5C7F82593} = {692FE15F-4CDE-45E9-BDD8-8FC6AB8877CC}
		{88CE39DF-F1F0-4360-B066-E6D6B7B66CF9} = {692FE15F-4CDE-45E9-BDD8-8FC6AB8877CC}
	EndGlobalSection
	GlobalSection(ExtensibilityGlobals) = postSolution
		SolutionGuid = {907AF27C-5065-4218-8DE2-33F676D77C5E}
	EndGlobalSection
EndGlobal
